dependencies:
- name: nodejs
  repository: oci://hmctsprod.azurecr.io/helm
  version: 3.3.1
- name: idam-pr
  repository: oci://hmctsprod.azurecr.io/helm
  version: 2.3.1
- name: cmc-claim-store
  repository: oci://hmctsprod.azurecr.io/helm
  version: 4.1.61
- name: ccd
  repository: oci://hmctsprod.azurecr.io/helm
  version: 9.3.0
- name: xui-webapp
  repository: oci://hmctsprod.azurecr.io/helm
  version: 1.0.49
digest: sha256:bba77287feaecee775f52f0fdc9dc12cb34f493e271862bf9a56564f1dc877cd
generated: "2026-09-19T01:35:34.349269308Z"
